
Microsoft Visual Studio Solution File, Format Version 12.00
# Visual Studio Version 16
VisualStudioVersion = 16.0.30621.155
MinimumVisualStudioVersion = 10.0.40219.1
Project("{8BC9CEB8-8B4A-11D0-8D11-00A0C91BC942}") = "QTForm", "QTForm\QTForm.vcxproj", "{2D3620A4-2A35-4188-86BC-4D2EFFCFB794}"
EndProject
Global
	GlobalSection(SolutionConfigurationPlatforms) = preSolution
		Debug|x64 = Debug|x64
		Release|x64 = Release|x64
	EndGlobalSection
	GlobalSection(ProjectConfigurationPlatforms) = postSolution
		{2D3620A4-2A35-4188-86BC-4D2EFFCFB794}.Debug|x64.ActiveCfg = Debug|x64
		{2D3620A4-2A35-4188-86BC-4D2EFFCFB794}.Debug|x64.Build.0 = Debug|x64
		{2D3620A4-2A35-4188-86BC-4D2EFFCFB794}.Release|x64.ActiveCfg = Release|x64
		{2D3620A4-2A35-4188-86BC-4D2EFFCFB794}.Release|x64.Build.0 = Release|x64
	EndGlobalSection
	GlobalSection(SolutionProperties) = preSolution
		HideSolutionNode = FALSE
	EndGlobalSection
	GlobalSection(ExtensibilityGlobals) = postSolution
		SolutionGuid = {E1930047-1655-4FB7-A49D-934D33B4CC08}
	EndGlobalSection
EndGlobal
